// !$*UTF8*$!
{
	archiveVersion = 1;
	classes = {
	};
	objectVersion = 56;
	objects = {

/* Begin PBXBuildFile section */
		A69AB3452CCC38AC00FBB803 /* AppDelegate.swift in Sources */ = {isa = PBXBuildFile; fileRef = A69AB3442CCC38AC00FBB803 /* AppDelegate.swift */; };
		A69AB3472CCC38AC00FBB803 /* SceneDelegate.swift in Sources */ = {isa = PBXBuildFile; fileRef = A69AB3462CCC38AC00FBB803 /* SceneDelegate.swift */; };
		A69AB3492CCC38AC00FBB803 /* ViewController.swift in Sources */ = {isa = PBXBuildFile; fileRef = A69AB3482CCC38AC00FBB803 /* ViewController.swift */; };
		A69AB34C2CCC38AC00FBB803 /* Main.storyboard in Resources */ = {isa = PBXBuildFile; fileRef = A69AB34A2CCC38AC00FBB803 /* Main.storyboard */; };
		A69AB34E2CCC38AD00FBB803 /* Assets.xcassets in Resources */ = {isa = PBXBuildFile; fileRef = A69AB34D2CCC38AD00FBB803 /* Assets.xcassets */; };
		A69AB3512CCC38AD00FBB803 /* LaunchScreen.storyboard in Resources */ = {isa = PBXBuildFile; fileRef = A69AB34F2CCC38AD00FBB803 /* LaunchScreen.storyboard */; };
		A69AB35C2CCC38AD00FBB803 /* myfunpedometerTests.swift in Sources */ = {isa = PBXBuildFile; fileRef = A69AB35B2CCC38AD00FBB803 /* myfunpedometerTests.swift */; };
		A69AB3662CCC38AD00FBB803 /* myfunpedometerUITests.swift in Sources */ = {isa = PBXBuildFile; fileRef = A69AB3652CCC38AD00FBB803 /* myfunpedometerUITests.swift */; };
		A69AB3682CCC38AD00FBB803 /* myfunpedometerUITestsLaunchTests.swift in Sources */ = {isa = PBXBuildFile; fileRef = A69AB3672CCC38AD00FBB803 /* myfunpedometerUITestsLaunchTests.swift */; };
/* End PBXBuildFile section */

/* Begin PBXContainerItemProxy section */
		A69AB3582CCC38AD00FBB803 /* PBXContainerItemProxy */ = {
			isa = PBXContainerItemProxy;
			containerPortal = A69AB3392CCC38AC00FBB803 /* Project object */;
			proxyType = 1;
			remoteGlobalIDString = A69AB3402CCC38AC00FBB803;
			remoteInfo = myfunpedometer;
		};
		A69AB3622CCC38AD00FBB803 /* PBXContainerItemProxy */ = {
			isa = PBXContainerItemProxy;
			containerPortal = A69AB3392CCC38AC00FBB803 /* Project object */;
			proxyType = 1;
			remoteGlobalIDString = A69AB3402CCC38AC00FBB803;
			remoteInfo = myfunpedometer;
		};
/* End PBXContainerItemProxy section */

/* Begin PBXFileReference section */
		A69AB3412CCC38AC00FBB803 /* myfunpedometer.app */ = {isa = PBXFileReference; explicitFileType = wrapper.application; includeInIndex = 0; path = myfunpedometer.app; sourceTree = BUILT_PRODUCTS_DIR; };
		A69AB3442CCC38AC00FBB803 /* AppDelegate.swift */ = {isa = PBXFileReference; lastKnownFileType = sourcecode.swift; path = AppDelegate.swift; sourceTree = "<group>"; };
		A69AB3462CCC38AC00FBB803 /* SceneDelegate.swift */ = {isa = PBXFileReference; lastKnownFileType = sourcecode.swift; path = SceneDelegate.swift; sourceTree = "<group>"; };
		A69AB3482CCC38AC00FBB803 /* ViewController.swift */ = {isa = PBXFileReference; lastKnownFileType = sourcecode.swift; path = ViewController.swift; sourceTree = "<group>"; };
		A69AB34B2CCC38AC00FBB803 /* Base */ = {isa = PBXFileReference; lastKnownFileType = file.storyboard; name = Base; path = Base.lproj/Main.storyboard; sourceTree = "<group>"; };
		A69AB34D2CCC38AD00FBB803 /* Assets.xcassets */ = {isa = PBXFileReference; lastKnownFileType = folder.assetcatalog; path = Assets.xcassets; sourceTree = "<group>"; };
		A69AB3502CCC38AD00FBB803 /* Base */ = {isa = PBXFileReference; lastKnownFileType = file.storyboard; name = Base; path = Base.lproj/LaunchScreen.storyboard; sourceTree = "<group>"; };
		A69AB3522CCC38AD00FBB803 /* Info.plist */ = {isa = PBXFileReference; lastKnownFileType = text.plist.xml; path = Info.plist; sourceTree = "<group>"; };
		A69AB3572CCC38AD00FBB803 /* myfunpedometerTests.xctest */ = {isa = PBXFileReference; explicitFileType = wrapper.cfbundle; includeInIndex = 0; path = myfunpedometerTests.xctest; sourceTree = BUILT_PRODUCTS_DIR; };
		A69AB35B2CCC38AD00FBB803 /* myfunpedometerTests.swift */ = {isa = PBXFileReference; lastKnownFileType = sourcecode.swift; path = myfunpedometerTests.swift; sourceTree = "<group>"; };
		A69AB3612CCC38AD00FBB803 /* myfunpedometerUITests.xctest */ = {isa = PBXFileReference; explicitFileType = wrapper.cfbundle; includeInIndex = 0; path = myfunpedometerUITests.xctest; sourceTree = BUILT_PRODUCTS_DIR; };
		A69AB3652CCC38AD00FBB803 /* myfunpedometerUITests.swift */ = {isa = PBXFileReference; lastKnownFileType = sourcecode.swift; path = myfunpedometerUITests.swift; sourceTree = "<group>"; };
		A69AB3672CCC38AD00FBB803 /* myfunpedometerUITestsLaunchTests.swift */ = {isa = PBXFileReference; lastKnownFileType = sourcecode.swift; path = myfunpedometerUITestsLaunchTests.swift; sourceTree = "<group>"; };
/* End PBXFileReference section */

/* Begin PBXFrameworksBuildPhase section */
		A69AB33E2CCC38AC00FBB803 /* Frameworks */ = {
			isa = PBXFrameworksBuildPhase;
			buildActionMask = 2147483647;
			files = (
			);
			runOnlyForDeploymentPostprocessing = 0;
		};
		A69AB3542CCC38AD00FBB803 /* Frameworks */ = {
			isa = PBXFrameworksBuildPhase;
			buildActionMask = 2147483647;
			files = (
			);
			runOnlyForDeploymentPostprocessing = 0;
		};
		A69AB35E2CCC38AD00FBB803 /* Frameworks */ = {
			isa = PBXFrameworksBuildPhase;
			buildActionMask = 2147483647;
			files = (
			);
			runOnlyForDeploymentPostprocessing = 0;
		};
/* End PBXFrameworksBuildPhase section */

/* Begin PBXGroup section */
		A69AB3382CCC38AC00FBB803 = {
			isa = PBXGroup;
			children = (
				A69AB3432CCC38AC00FBB803 /* myfunpedometer */,
				A69AB35A2CCC38AD00FBB803 /* myfunpedometerTests */,
				A69AB3642CCC38AD00FBB803 /* myfunpedometerUITests */,
				A69AB3422CCC38AC00FBB803 /* Products */,
			);
			sourceTree = "<group>";
		};
		A69AB3422CCC38AC00FBB803 /* Products */ = {
			isa = PBXGroup;
			children = (
				A69AB3412CCC38AC00FBB803 /* myfunpedometer.app */,
				A69AB3572CCC38AD00FBB803 /* myfunpedometerTests.xctest */,
				A69AB3612CCC38AD00FBB803 /* myfunpedometerUITests.xctest */,
			);
			name = Products;
			sourceTree = "<group>";
		};
		A69AB3432CCC38AC00FBB803 /* myfunpedometer */ = {
			isa = PBXGroup;
			children = (
				A69AB3442CCC38AC00FBB803 /* AppDelegate.swift */,
				A69AB3462CCC38AC00FBB803 /* SceneDelegate.swift */,
				A69AB3482CCC38AC00FBB803 /* ViewController.swift */,
				A69AB34A2CCC38AC00FBB803 /* Main.storyboard */,
				A69AB34D2CCC38AD00FBB803 /* Assets.xcassets */,
				A69AB34F2CCC38AD00FBB803 /* LaunchScreen.storyboard */,
				A69AB3522CCC38AD00FBB803 /* Info.plist */,
			);
			path = myfunpedometer;
			sourceTree = "<group>";
		};
		A69AB35A2CCC38AD00FBB803 /* myfunpedometerTests */ = {
			isa = PBXGroup;
			children = (
				A69AB35B2CCC38AD00FBB803 /* myfunpedometerTests.swift */,
			);
			path = myfunpedometerTests;
			sourceTree = "<group>";
		};
		A69AB3642CCC38AD00FBB803 /* myfunpedometerUITests */ = {
			isa = PBXGroup;
			children = (
				A69AB3652CCC38AD00FBB803 /* myfunpedometerUITests.swift */,
				A69AB3672CCC38AD00FBB803 /* myfunpedometerUITestsLaunchTests.swift */,
			);
			path = myfunpedometerUITests;
			sourceTree = "<group>";
		};
/* End PBXGroup section */

/* Begin PBXNativeTarget section */
		A69AB3402CCC38AC00FBB803 /* myfunpedometer */ = {
			isa = PBXNativeTarget;
			buildConfigurationList = A69AB36B2CCC38AD00FBB803 /* Build configuration list for PBXNativeTarget "myfunpedometer" */;
			buildPhases = (
				A69AB33D2CCC38AC00FBB803 /* Sources */,
				A69AB33E2CCC38AC00FBB803 /* Frameworks */,
				A69AB33F2CCC38AC00FBB803 /* Resources */,
			);
			buildRules = (
			);
			dependencies = (
			);
			name = myfunpedometer;
			productName = myfunpedometer;
			productReference = A69AB3412CCC38AC00FBB803 /* myfunpedometer.app */;
			productType = "com.apple.product-type.application";
		};
		A69AB3562CCC38AD00FBB803 /* myfunpedometerTests */ = {
			isa = PBXNativeTarget;
			buildConfigurationList = A69AB36E2CCC38AD00FBB803 /* Build configuration list for PBXNativeTarget "myfunpedometerTests" */;
			buildPhases = (
				A69AB3532CCC38AD00FBB803 /* Sources */,
				A69AB3542CCC38AD00FBB803 /* Frameworks */,
				A69AB3552CCC38AD00FBB803 /* Resources */,
			);
			buildRules = (
			);
			dependencies = (
				A69AB3592CCC38AD00FBB803 /* PBXTargetDependency */,
			);
			name = myfunpedometerTests;
			productName = myfunpedometerTests;
			productReference = A69AB3572CCC38AD00FBB803 /* myfunpedometerTests.xctest */;
			productType = "com.apple.product-type.bundle.unit-test";
		};
		A69AB3602CCC38AD00FBB803 /* myfunpedometerUITests */ = {
			isa = PBXNativeTarget;
			buildConfigurationList = A69AB3712CCC38AD00FBB803 /* Build configuration list for PBXNativeTarget "myfunpedometerUITests" */;
			buildPhases = (
				A69AB35D2CCC38AD00FBB803 /* Sources */,
				A69AB35E2CCC38AD00FBB803 /* Frameworks */,
				A69AB35F2CCC38AD00FBB803 /* Resources */,
			);
			buildRules = (
			);
			dependencies = (
				A69AB3632CCC38AD00FBB803 /* PBXTargetDependency */,
			);
			name = myfunpedometerUITests;
			productName = myfunpedometerUITests;
			productReference = A69AB3612CCC38AD00FBB803 /* myfunpedometerUITests.xctest */;
			productType = "com.apple.product-type.bundle.ui-testing";
		};
/* End PBXNativeTarget section */

/* Begin PBXProject section */
		A69AB3392CCC38AC00FBB803 /* Project object */ = {
			isa = PBXProject;
			attributes = {
				BuildIndependentTargetsInParallel = 1;
				LastSwiftUpdateCheck = 1500;
				LastUpgradeCheck = 1500;
				TargetAttributes = {
					A69AB3402CCC38AC00FBB803 = {
						CreatedOnToolsVersion = 15.0.1;
					};
					A69AB3562CCC38AD00FBB803 = {
						CreatedOnToolsVersion = 15.0.1;
						TestTargetID = A69AB3402CCC38AC00FBB803;
					};
					A69AB3602CCC38AD00FBB803 = {
						CreatedOnToolsVersion = 15.0.1;
						TestTargetID = A69AB3402CCC38AC00FBB803;
					};
				};
			};
			buildConfigurationList = A69AB33C2CCC38AC00FBB803 /* Build configuration list for PBXProject "myfunpedometer" */;
			compatibilityVersion = "Xcode 14.0";
			developmentRegion = en;
			hasScannedForEncodings = 0;
			knownRegions = (
				en,
				Base,
			);
			mainGroup = A69AB3382CCC38AC00FBB803;
			productRefGroup = A69AB3422CCC38AC00FBB803 /* Products */;
			projectDirPath = "";
			projectRoot = "";
			targets = (
				A69AB3402CCC38AC00FBB803 /* myfunpedometer */,
				A69AB3562CCC38AD00FBB803 /* myfunpedometerTests */,
				A69AB3602CCC38AD00FBB803 /* myfunpedometerUITests */,
			);
		};
/* End PBXProject section */

/* Begin PBXResourcesBuildPhase section */
		A69AB33F2CCC38AC00FBB803 /* Resources */ = {
			isa = PBXResourcesBuildPhase;
			buildActionMask = 2147483647;
			files = (
				A69AB3512CCC38AD00FBB803 /* LaunchScreen.storyboard in Resources */,
				A69AB34E2CCC38AD00FBB803 /* Assets.xcassets in Resources */,
				A69AB34C2CCC38AC00FBB803 /* Main.storyboard in Resources */,
			);
			runOnlyForDeploymentPostprocessing = 0;
		};
		A69AB3552CCC38AD00FBB803 /* Resources */ = {
			isa = PBXResourcesBuildPhase;
			buildActionMask = 2147483647;
			files = (
			);
			runOnlyForDeploymentPostprocessing = 0;
		};
		A69AB35F2CCC38AD00FBB803 /* Resources */ = {
			isa = PBXResourcesBuildPhase;
			buildActionMask = 2147483647;
			files = (
			);
			runOnlyForDeploymentPostprocessing = 0;
		};
/* End PBXResourcesBuildPhase section */

/* Begin PBXSourcesBuildPhase section */
		A69AB33D2CCC38AC00FBB803 /* Sources */ = {
			isa = PBXSourcesBuildPhase;
			buildActionMask = 2147483647;
			files = (
				A69AB3492CCC38AC00FBB803 /* ViewController.swift in Sources */,
				A69AB3452CCC38AC00FBB803 /* AppDelegate.swift in Sources */,
				A69AB3472CCC38AC00FBB803 /* SceneDelegate.swift in Sources */,
			);
			runOnlyForDeploymentPostprocessing = 0;
		};
		A69AB3532CCC38AD00FBB803 /* Sources */ = {
			isa = PBXSourcesBuildPhase;
			buildActionMask = 2147483647;
			files = (
				A69AB35C2CCC38AD00FBB803 /* myfunpedometerTests.swift in Sources */,
			);
			runOnlyForDeploymentPostprocessing = 0;
		};
		A69AB35D2CCC38AD00FBB803 /* Sources */ = {
			isa = PBXSourcesBuildPhase;
			buildActionMask = 2147483647;
			files = (
				A69AB3682CCC38AD00FBB803 /* myfunpedometerUITestsLaunchTests.swift in Sources */,
				A69AB3662CCC38AD00FBB803 /* myfunpedometerUITests.swift in Sources */,
			);
			runOnlyForDeploymentPostprocessing = 0;
		};
/* End PBXSourcesBuildPhase section */

/* Begin PBXTargetDependency section */
		A69AB3592CCC38AD00FBB803 /* PBXTargetDependency */ = {
			isa = PBXTargetDependency;
			target = A69AB3402CCC38AC00FBB803 /* myfunpedometer */;
			targetProxy = A69AB3582CCC38AD00FBB803 /* PBXContainerItemProxy */;
		};
		A69AB3632CCC38AD00FBB803 /* PBXTargetDependency */ = {
			isa = PBXTargetDependency;
			target = A69AB3402CCC38AC00FBB803 /* myfunpedometer */;
			targetProxy = A69AB3622CCC38AD00FBB803 /* PBXContainerItemProxy */;
		};
/* End PBXTargetDependency section */

/* Begin PBXVariantGroup section */
		A69AB34A2CCC38AC00FBB803 /* Main.storyboard */ = {
			isa = PBXVariantGroup;
			children = (
				A69AB34B2CCC38AC00FBB803 /* Base */,
			);
			name = Main.storyboard;
			sourceTree = "<group>";
		};
		A69AB34F2CCC38AD00FBB803 /* LaunchScreen.storyboard */ = {
			isa = PBXVariantGroup;
			children = (
				A69AB3502CCC38AD00FBB803 /* Base */,
			);
			name = LaunchScreen.storyboard;
			sourceTree = "<group>";
		};
/* End PBXVariantGroup section */

/* Begin XCBuildConfiguration section */
		A69AB3692CCC38AD00FBB803 /* Debug */ = {
			isa = XCBuildConfiguration;
			buildSettings = {
				ALWAYS_SEARCH_USER_PATHS = NO;
				ASSETCATALOG_COMPILER_GENERATE_SWIFT_ASSET_SYMBOL_EXTENSIONS = YES;
				CLANG_ANALYZER_NONNULL = YES;
				CLANG_ANALYZER_NUMBER_OBJECT_CONVERSION = YES_AGGRESSIVE;
				CLANG_CXX_LANGUAGE_STANDARD = "gnu++20";
				CLANG_ENABLE_MODULES = YES;
				CLANG_ENABLE_OBJC_ARC = YES;
				CLANG_ENABLE_OBJC_WEAK = YES;
				CLANG_WARN_BLOCK_CAPTURE_AUTORELEASING = YES;
				CLANG_WARN_BOOL_CONVERSION = YES;
				CLANG_WARN_COMMA = YES;
				CLANG_WARN_CONSTANT_CONVERSION = YES;
				CLANG_WARN_DEPRECATED_OBJC_IMPLEMENTATIONS = YES;
				CLANG_WARN_DIRECT_OBJC_ISA_USAGE = YES_ERROR;
				CLANG_WARN_DOCUMENTATION_COMMENTS = YES;
				CLANG_WARN_EMPTY_BODY = YES;
				CLANG_WARN_ENUM_CONVERSION = YES;
				CLANG_WARN_INFINITE_RECURSION = YES;
				CLANG_WARN_INT_CONVERSION = YES;
				CLANG_WARN_NON_LITERAL_NULL_CONVERSION = YES;
				CLANG_WARN_OBJC_IMPLICIT_RETAIN_SELF = YES;
				CLANG_WARN_OBJC_LITERAL_CONVERSION = YES;
				CLANG_WARN_OBJC_ROOT_CLASS = YES_ERROR;
				CLANG_WARN_QUOTED_INCLUDE_IN_FRAMEWORK_HEADER = YES;
				CLANG_WARN_RANGE_LOOP_ANALYSIS = YES;
				CLANG_WARN_STRICT_PROTOTYPES = YES;
				CLANG_WARN_SUSPICIOUS_MOVE = YES;
				CLANG_WARN_UNGUARDED_AVAILABILITY = YES_AGGRESSIVE;
				CLANG_WARN_UNREACHABLE_CODE = YES;
				CLANG_WARN__DUPLICATE_METHOD_MATCH = YES;
				COPY_PHASE_STRIP = NO;
				DEBUG_INFORMATION_FORMAT = dwarf;
				ENABLE_STRICT_OBJC_MSGSEND = YES;
				ENABLE_TESTABILITY = YES;
				ENABLE_USER_SCRIPT_SANDBOXING = YES;
				GCC_C_LANGUAGE_STANDARD = gnu17;
				GCC_DYNAMIC_NO_PIC = NO;
				GCC_NO_COMMON_BLOCKS = YES;
				GCC_OPTIMIZATION_LEVEL = 0;
				GCC_PREPROCESSOR_DEFINITIONS = (
					"DEBUG=1",
					"$(inherited)",
				);
				GCC_WARN_64_TO_32_BIT_CONVERSION = YES;
				GCC_WARN_ABOUT_RETURN_TYPE = YES_ERROR;
				GCC_WARN_UNDECLARED_SELECTOR = YES;
				GCC_WARN_UNINITIALIZED_AUTOS = YES_AGGRESSIVE;
				GCC_WARN_UNUSED_FUNCTION = YES;
				GCC_WARN_UNUSED_VARIABLE = YES;
				IPHONEOS_DEPLOYMENT_TARGET = 17.0;
				LOCALIZATION_PREFERS_STRING_CATALOGS = YES;
				MTL_ENABLE_DEBUG_INFO = INCLUDE_SOURCE;
				MTL_FAST_MATH = YES;
				ONLY_ACTIVE_ARCH = YES;
				SDKROOT = iphoneos;
				SWIFT_ACTIVE_COMPILATION_CONDITIONS = "DEBUG $(inherited)";
				SWIFT_OPTIMIZATION_LEVEL = "-Onone";
			};
			name = Debug;
		};
		A69AB36A2CCC38AD00FBB803 /* Release */ = {
			isa = XCBuildConfiguration;
			buildSettings = {
				ALWAYS_SEARCH_USER_PATHS = NO;
				ASSETCATALOG_COMPILER_GENERATE_SWIFT_ASSET_SYMBOL_EXTENSIONS = YES;
				CLANG_ANALYZER_NONNULL = YES;
				CLANG_ANALYZER_NUMBER_OBJECT_CONVERSION = YES_AGGRESSIVE;
				CLANG_CXX_LANGUAGE_STANDARD = "gnu++20";
				CLANG_ENABLE_MODULES = YES;
				CLANG_ENABLE_OBJC_ARC = YES;
				CLANG_ENABLE_OBJC_WEAK = YES;
				CLANG_WARN_BLOCK_CAPTURE_AUTORELEASING = YES;
				CLANG_WARN_BOOL_CONVERSION = YES;
				CLANG_WARN_COMMA = YES;
				CLANG_WARN_CONSTANT_CONVERSION = YES;
				CLANG_WARN_DEPRECATED_OBJC_IMPLEMENTATIONS = YES;
				CLANG_WARN_DIRECT_OBJC_ISA_USAGE = YES_ERROR;
				CLANG_WARN_DOCUMENTATION_COMMENTS = YES;
				CLANG_WARN_EMPTY_BODY = YES;
				CLANG_WARN_ENUM_CONVERSION = YES;
				CLANG_WARN_INFINITE_RECURSION = YES;
				CLANG_WARN_INT_CONVERSION = YES;
				CLANG_WARN_NON_LITERAL_NULL_CONVERSION = YES;
				CLANG_WARN_OBJC_IMPLICIT_RETAIN_SELF = YES;
				CLANG_WARN_OBJC_LITERAL_CONVERSION = YES;
				CLANG_WARN_OBJC_ROOT_CLASS = YES_ERROR;
				CLANG_WARN_QUOTED_INCLUDE_IN_FRAMEWORK_HEADER = YES;
				CLANG_WARN_RANGE_LOOP_ANALYSIS = YES;
				CLANG_WARN_STRICT_PROTOTYPES = YES;
				CLANG_WARN_SUSPICIOUS_MOVE = YES;
				CLANG_WARN_UNGUARDED_AVAILABILITY = YES_AGGRESSIVE;
				CLANG_WARN_UNREACHABLE_CODE = YES;
				CLANG_WARN__DUPLICATE_METHOD_MATCH = YES;
				COPY_PHASE_STRIP = NO;
				DEBUG_INFORMATION_FORMAT = "dwarf-with-dsym";
				ENABLE_NS_ASSERTIONS = NO;
				ENABLE_STRICT_OBJC_MSGSEND = YES;
				ENABLE_USER_SCRIPT_SANDBOXING = YES;
				GCC_C_LANGUAGE_STANDARD = gnu17;
				GCC_NO_COMMON_BLOCKS = YES;
				GCC_WARN_64_TO_32_BIT_CONVERSION = YES;
				GCC_WARN_ABOUT_RETURN_TYPE = YES_ERROR;
				GCC_WARN_UNDECLARED_SELECTOR = YES;
				GCC_WARN_UNINITIALIZED_AUTOS = YES_AGGRESSIVE;
				GCC_WARN_UNUSED_FUNCTION = YES;
				GCC_WARN_UNUSED_VARIABLE = YES;
				IPHONEOS_DEPLOYMENT_TARGET = 17.0;
				LOCALIZATION_PREFERS_STRING_CATALOGS = YES;
				MTL_ENABLE_DEBUG_INFO = NO;
				MTL_FAST_MATH = YES;
				SDKROOT = iphoneos;
				SWIFT_COMPILATION_MODE = wholemodule;
				VALIDATE_PRODUCT = YES;
			};
			name = Release;
		};
		A69AB36C2CCC38AD00FBB803 /* Debug */ = {
			isa = XCBuildConfiguration;
			buildSettings = {
				ASSETCATALOG_COMPILER_APPICON_NAME = AppIcon;
				ASSETCATALOG_COMPILER_GLOBAL_ACCENT_COLOR_NAME = AccentColor;
				CODE_SIGN_STYLE = Automatic;
				CURRENT_PROJECT_VERSION = 1;
				DEVELOPMENT_TEAM = G6SE7832JT;
				GENERATE_INFOPLIST_FILE = YES;
				INFOPLIST_FILE = myfunpedometer/Info.plist;
				INFOPLIST_KEY_UIApplicationSupportsIndirectInputEvents = YES;
				INFOPLIST_KEY_UILaunchStoryboardName = LaunchScreen;
				INFOPLIST_KEY_UIMainStoryboardFile = Main;
				INFOPLIST_KEY_UISupportedInterfaceOrientations_iPad = "UIInterfaceOrientationPortrait UIInterfaceOrientationPortraitUpsideDown UIInterfaceOrientationLandscapeLeft UIInterfaceOrientationLandscapeRight";
				INFOPLIST_KEY_UISupportedInterfaceOrientations_iPhone = "UIInterfaceOrientationPortrait UIInterfaceOrientationLandscapeLeft UIInterfaceOrientationLandscapeRight";
				LD_RUNPATH_SEARCH_PATHS = (
					"$(inherited)",
					"@executable_path/Frameworks",
				);
				MARKETING_VERSION = 1.0;
				PRODUCT_BUNDLE_IDENTIFIER = com.nick.myfunpedometer;
				PRODUCT_NAME = "$(TARGET_NAME)";
				SWIFT_EMIT_LOC_STRINGS = YES;
				SWIFT_VERSION = 5.0;
				TARGETED_DEVICE_FAMILY = "1,2";
			};
			name = Debug;
		};
		A69AB36D2CCC38AD00FBB803 /* Release */ = {
			isa = XCBuildConfiguration;
			buildSettings = {
				ASSETCATALOG_COMPILER_APPICON_NAME = AppIcon;
				ASSETCATALOG_COMPILER_GLOBAL_ACCENT_COLOR_NAME = AccentColor;
				CODE_SIGN_STYLE = Automatic;
				CURRENT_PROJECT_VERSION = 1;
				DEVELOPMENT_TEAM = G6SE7832JT;
				GENERATE_INFOPLIST_FILE = YES;
				INFOPLIST_FILE = myfunpedometer/Info.plist;
				INFOPLIST_KEY_UIApplicationSupportsIndirectInputEvents = YES;
				INFOPLIST_KEY_UILaunchStoryboardName = LaunchScreen;
				INFOPLIST_KEY_UIMainStoryboardFile = Main;
				INFOPLIST_KEY_UISupportedInterfaceOrientations_iPad = "UIInterfaceOrientationPortrait UIInterfaceOrientationPortraitUpsideDown UIInterfaceOrientationLandscapeLeft UIInterfaceOrientationLandscapeRight";
				INFOPLIST_KEY_UISupportedInterfaceOrientations_iPhone = "UIInterfaceOrientationPortrait UIInterfaceOrientationLandscapeLeft UIInterfaceOrientationLandscapeRight";
				LD_RUNPATH_SEARCH_PATHS = (
					"$(inherited)",
					"@executable_path/Frameworks",
				);
				MARKETING_VERSION = 1.0;
				PRODUCT_BUNDLE_IDENTIFIER = com.nick.myfunpedometer;
				PRODUCT_NAME = "$(TARGET_NAME)";
				SWIFT_EMIT_LOC_STRINGS = YES;
				SWIFT_VERSION = 5.0;
				TARGETED_DEVICE_FAMILY = "1,2";
			};
			name = Release;
		};
		A69AB36F2CCC38AD00FBB803 /* Debug */ = {
			isa = XCBuildConfiguration;
			buildSettings = {
				ALWAYS_EMBED_SWIFT_STANDARD_LIBRARIES = YES;
				BUNDLE_LOADER = "$(TEST_HOST)";
				CODE_SIGN_STYLE = Automatic;
				CURRENT_PROJECT_VERSION = 1;
				DEVELOPMENT_TEAM = G6SE7832JT;
				GENERATE_INFOPLIST_FILE = YES;
				IPHONEOS_DEPLOYMENT_TARGET = 17.0;
				MARKETING_VERSION = 1.0;
				PRODUCT_BUNDLE_IDENTIFIER = com.nick.myfunpedometerTests;
				PRODUCT_NAME = "$(TARGET_NAME)";
				SWIFT_EMIT_LOC_STRINGS = NO;
				SWIFT_VERSION = 5.0;
				TARGETED_DEVICE_FAMILY = "1,2";
				TEST_HOST = "$(BUILT_PRODUCTS_DIR)/myfunpedometer.app/$(BUNDLE_EXECUTABLE_FOLDER_PATH)/myfunpedometer";
			};
			name = Debug;
		};
		A69AB3702CCC38AD00FBB803 /* Release */ = {
			isa = XCBuildConfiguration;
			buildSettings = {
				ALWAYS_EMBED_SWIFT_STANDARD_LIBRARIES = YES;
				BUNDLE_LOADER = "$(TEST_HOST)";
				CODE_SIGN_STYLE = Automatic;
				CURRENT_PROJECT_VERSION = 1;
				DEVELOPMENT_TEAM = G6SE7832JT;
				GENERATE_INFOPLIST_FILE = YES;
				IPHONEOS_DEPLOYMENT_TARGET = 17.0;
				MARKETING_VERSION = 1.0;
				PRODUCT_BUNDLE_IDENTIFIER = com.nick.myfunpedometerTests;
				PRODUCT_NAME = "$(TARGET_NAME)";
				SWIFT_EMIT_LOC_STRINGS = NO;
				SWIFT_VERSION = 5.0;
				TARGETED_DEVICE_FAMILY = "1,2";
				TEST_HOST = "$(BUILT_PRODUCTS_DIR)/myfunpedometer.app/$(BUNDLE_EXECUTABLE_FOLDER_PATH)/myfunpedometer";
			};
			name = Release;
		};
		A69AB3722CCC38AD00FBB803 /* Debug */ = {
			isa = XCBuildConfiguration;
			buildSettings = {
				ALWAYS_EMBED_SWIFT_STANDARD_LIBRARIES = YES;
				CODE_SIGN_STYLE = Automatic;
				CURRENT_PROJECT_VERSION = 1;
				DEVELOPMENT_TEAM = G6SE7832JT;
				GENERATE_INFOPLIST_FILE = YES;
				MARKETING_VERSION = 1.0;
				PRODUCT_BUNDLE_IDENTIFIER = com.nick.myfunpedometerUITests;
				PRODUCT_NAME = "$(TARGET_NAME)";
				SWIFT_EMIT_LOC_STRINGS = NO;
				SWIFT_VERSION = 5.0;
				TARGETED_DEVICE_FAMILY = "1,2";
				TEST_TARGET_NAME = myfunpedometer;
			};
			name = Debug;
		};
		A69AB3732CCC38AD00FBB803 /* Release */ = {
			isa = XCBuildConfiguration;
			buildSettings = {
				ALWAYS_EMBED_SWIFT_STANDARD_LIBRARIES = YES;
				CODE_SIGN_STYLE = Automatic;
				CURRENT_PROJECT_VERSION = 1;
				DEVELOPMENT_TEAM = G6SE7832JT;
				GENERATE_INFOPLIST_FILE = YES;
				MARKETING_VERSION = 1.0;
				PRODUCT_BUNDLE_IDENTIFIER = com.nick.myfunpedometerUITests;
				PRODUCT_NAME = "$(TARGET_NAME)";
				SWIFT_EMIT_LOC_STRINGS = NO;
				SWIFT_VERSION = 5.0;
				TARGETED_DEVICE_FAMILY = "1,2";
				TEST_TARGET_NAME = myfunpedometer;
			};
			name = Release;
		};
/* End XCBuildConfiguration section */

/* Begin XCConfigurationList section */
		A69AB33C2CCC38AC00FBB803 /* Build configuration list for PBXProject "myfunpedometer" */ = {
			isa = XCConfigurationList;
			buildConfigurations = (
				A69AB3692CCC38AD00FBB803 /* Debug */,
				A69AB36A2CCC38AD00FBB803 /* Release */,
			);
			defaultConfigurationIsVisible = 0;
			defaultConfigurationName = Release;
		};
		A69AB36B2CCC38AD00FBB803 /* Build configuration list for PBXNativeTarget "myfunpedometer" */ = {
			isa = XCConfigurationList;
			buildConfigurations = (
				A69AB36C2CCC38AD00FBB803 /* Debug */,
				A69AB36D2CCC38AD00FBB803 /* Release */,
			);
			defaultConfigurationIsVisible = 0;
			defaultConfigurationName = Release;
		};
		A69AB36E2CCC38AD00FBB803 /* Build configuration list for PBXNativeTarget "myfunpedometerTests" */ = {
			isa = XCConfigurationList;
			buildConfigurations = (
				A69AB36F2CCC38AD00FBB803 /* Debug */,
				A69AB3702CCC38AD00FBB803 /* Release */,
			);
			defaultConfigurationIsVisible = 0;
			defaultConfigurationName = Release;
		};
		A69AB3712CCC38AD00FBB803 /* Build configuration list for PBXNativeTarget "myfunpedometerUITests" */ = {
			isa = XCConfigurationList;
			buildConfigurations = (
				A69AB3722CCC38AD00FBB803 /* Debug */,
				A69AB3732CCC38AD00FBB803 /* Release */,
			);
			defaultConfigurationIsVisible = 0;
			defaultConfigurationName = Release;
		};
/* End XCConfigurationList section */
	};
	rootObject = A69AB3392CCC38AC00FBB803 /* Project object */;
}
